
Microsoft Visual Studio Solution File, Format Version 12.00
# Visual Studio Version 17
VisualStudioVersion = 17.9.34701.34
MinimumVisualStudioVersion = 10.0.40219.1
Project("{FAE04EC0-301F-11D3-BF4B-00C04F79EFBC}") = "excel-to-analytics", "excel-to-analytics.csproj", "{26D07D3A-B46F-4F96-9E47-F5C9FFAD0816}"
EndProject
Global
	GlobalSection(SolutionConfigurationPlatforms) = preSolution
		Debug|Any CPU = Debug|Any CPU
		Release|Any CPU = Release|Any CPU
	EndGlobalSection
	GlobalSection(ProjectConfigurationPlatforms) = postSolution
		{26D07D3A-B46F-4F96-9E47-F5C9FFAD0816}.Debug|Any CPU.ActiveCfg = Debug|Any CPU
		{26D07D3A-B46F-4F96-9E47-F5C9FFAD0816}.Debug|Any CPU.Build.0 = Debug|Any CPU
		{26D07D3A-B46F-4F96-9E47-F5C9FFAD0816}.Debug|Any CPU.Deploy.0 = Debug|Any CPU
		{26D07D3A-B46F-4F96-9E47-F5C9FFAD0816}.Release|Any CPU.ActiveCfg = Release|Any CPU
		{26D07D3A-B46F-4F96-9E47-F5C9FFAD0816}.Release|Any CPU.Build.0 = Release|Any CPU
		{26D07D3A-B46F-4F96-9E47-F5C9FFAD0816}.Release|Any CPU.Deploy.0 = Release|Any CPU
	EndGlobalSection
	GlobalSection(SolutionProperties) = preSolution
		HideSolutionNode = FALSE
	EndGlobalSection
	GlobalSection(ExtensibilityGlobals) = postSolution
		SolutionGuid = {165DC3CF-B03C-4887-A7E5-FAA036FD7C3F}
	EndGlobalSection
EndGlobal
